
Microsoft Visual Studio Solution File, Format Version 12.00
# Visual Studio Version 16
VisualStudioVersion = 16.0.30011.22
MinimumVisualStudioVersion = 10.0.40219.1
Project("{9A19103F-16F7-4668-BE54-9A1E7A4F7556}") = "Samples", "Samples\Samples.csproj", "{F7F46514-DA58-4B5C-9C4C-B2B0335132D5}"
EndProject
Project("{FAE04EC0-301F-11D3-BF4B-00C04F79EFBC}") = "Samples.Droid", "Samples.Droid\Samples.Droid.csproj", "{8E1028CB-C0CC-4FD8-B205-A5E46E96AD33}"
EndProject
Project("{FAE04EC0-301F-11D3-BF4B-00C04F79EFBC}") = "Samples.iOS", "Samples.iOS\Samples.iOS.csproj", "{3107CAB7-B392-4013-A5B0-8A4A6149ADA4}"
EndProject
Project("{FAE04EC0-301F-11D3-BF4B-00C04F79EFBC}") = "Samples.Uwp", "Samples.Uwp\Samples.Uwp.csproj", "{6ED7A633-FF4E-4A86-91B9-BE95D626B767}"
EndProject
Global
	GlobalSection(SolutionConfigurationPlatforms) = preSolution
		Ad-Hoc|Any CPU = Ad-Hoc|Any CPU
		Ad-Hoc|ARM = Ad-Hoc|ARM
		Ad-Hoc|iPhone = Ad-Hoc|iPhone
		Ad-Hoc|iPhoneSimulator = Ad-Hoc|iPhoneSimulator
		Ad-Hoc|x64 = Ad-Hoc|x64
		Ad-Hoc|x86 = Ad-Hoc|x86
		AppStore|Any CPU = AppStore|Any CPU
		AppStore|ARM = AppStore|ARM
		AppStore|iPhone = AppStore|iPhone
		AppStore|iPhoneSimulator = AppStore|iPhoneSimulator
		AppStore|x64 = AppStore|x64
		AppStore|x86 = AppStore|x86
		Debug|Any CPU = Debug|Any CPU
		Debug|ARM = Debug|ARM
		Debug|iPhone = Debug|iPhone
		Debug|iPhoneSimulator = Debug|iPhoneSimulator
		Debug|x64 = Debug|x64
		Debug|x86 = Debug|x86
		Release|Any CPU = Release|Any CPU
		Release|ARM = Release|ARM
		Release|iPhone = Release|iPhone
		Release|iPhoneSimulator = Release|iPhoneSimulator
		Release|x64 = Release|x64
		Release|x86 = Release|x86
	EndGlobalSection
	GlobalSection(ProjectConfigurationPlatforms) = postSolution
		{F7F46514-DA58-4B5C-9C4C-B2B0335132D5}.Ad-Hoc|Any CPU.ActiveCfg = Debug|Any CPU
		{F7F46514-DA58-4B5C-9C4C-B2B0335132D5}.Ad-Hoc|Any CPU.Build.0 = Debug|Any CPU
		{F7F46514-DA58-4B5C-9C4C-B2B0335132D5}.Ad-Hoc|ARM.ActiveCfg = Debug|Any CPU
		{F7F46514-DA58-4B5C-9C4C-B2B0335132D5}.Ad-Hoc|ARM.Build.0 = Debug|Any CPU
		{F7F46514-DA58-4B5C-9C4C-B2B0335132D5}.Ad-Hoc|iPhone.ActiveCfg = Debug|Any CPU
		{F7F46514-DA58-4B5C-9C4C-B2B0335132D5}.Ad-Hoc|iPhone.Build.0 = Debug|Any CPU
		{F7F46514-DA58-4B5C-9C4C-B2B0335132D5}.Ad-Hoc|iPhoneSimulator.ActiveCfg = Debug|Any CPU
		{F7F46514-DA58-4B5C-9C4C-B2B0335132D5}.Ad-Hoc|iPhoneSimulator.Build.0 = Debug|Any CPU
		{F7F46514-DA58-4B5C-9C4C-B2B0335132D5}.Ad-Hoc|x64.ActiveCfg = Debug|Any CPU
		{F7F46514-DA58-4B5C-9C4C-B2B0335132D5}.Ad-Hoc|x64.Build.0 = Debug|Any CPU
		{F7F46514-DA58-4B5C-9C4C-B2B0335132D5}.Ad-Hoc|x86.ActiveCfg = Debug|Any CPU
		{F7F46514-DA58-4B5C-9C4C-B2B0335132D5}.Ad-Hoc|x86.Build.0 = Debug|Any CPU
		{F7F46514-DA58-4B5C-9C4C-B2B0335132D5}.AppStore|Any CPU.ActiveCfg = Debug|Any CPU
		{F7F46514-DA58-4B5C-9C4C-B2B0335132D5}.AppStore|Any CPU.Build.0 = Debug|Any CPU
		{F7F46514-DA58-4B5C-9C4C-B2B0335132D5}.AppStore|ARM.ActiveCfg = Debug|Any CPU
		{F7F46514-DA58-4B5C-9C4C-B2B0335132D5}.AppStore|ARM.Build.0 = Debug|Any CPU
		{F7F46514-DA58-4B5C-9C4C-B2B0335132D5}.AppStore|iPhone.ActiveCfg = Debug|Any CPU
		{F7F46514-DA58-4B5C-9C4C-B2B0335132D5}.AppStore|iPhone.Build.0 = Debug|Any CPU
		{F7F46514-DA58-4B5C-9C4C-B2B0335132D5}.AppStore|iPhoneSimulator.ActiveCfg = Debug|Any CPU
		{F7F46514-DA58-4B5C-9C4C-B2B0335132D5}.AppStore|iPhoneSimulator.Build.0 = Debug|Any CPU
		{F7F46514-DA58-4B5C-9C4C-B2B0335132D5}.AppStore|x64.ActiveCfg = Debug|Any CPU
		{F7F46514-DA58-4B5C-9C4C-B2B0335132D5}.AppStore|x64.Build.0 = Debug|Any CPU
		{F7F46514-DA58-4B5C-9C4C-B2B0335132D5}.AppStore|x86.ActiveCfg = Debug|Any CPU
		{F7F46514-DA58-4B5C-9C4C-B2B0335132D5}.AppStore|x86.Build.0 = Debug|Any CPU
		{F7F46514-DA58-4B5C-9C4C-B2B0335132D5}.Debug|Any CPU.ActiveCfg = Debug|Any CPU
		{F7F46514-DA58-4B5C-9C4C-B2B0335132D5}.Debug|Any CPU.Build.0 = Debug|Any CPU
		{F7F46514-DA58-4B5C-9C4C-B2B0335132D5}.Debug|ARM.ActiveCfg = Debug|Any CPU
		{F7F46514-DA58-4B5C-9C4C-B2B0335132D5}.Debug|ARM.Build.0 = Debug|Any CPU
		{F7F46514-DA58-4B5C-9C4C-B2B0335132D5}.Debug|iPhone.ActiveCfg = Debug|Any CPU
		{F7F46514-DA58-4B5C-9C4C-B2B0335132D5}.Debug|iPhone.Build.0 = Debug|Any CPU
		{F7F46514-DA58-4B5C-9C4C-B2B0335132D5}.Debug|iPhoneSimulator.ActiveCfg = Debug|Any CPU
		{F7F46514-DA58-4B5C-9C4C-B2B0335132D5}.Debug|iPhoneSimulator.Build.0 = Debug|Any CPU
		{F7F46514-DA58-4B5C-9C4C-B2B0335132D5}.Debug|x64.ActiveCfg = Debug|Any CPU
		{F7F46514-DA58-4B5C-9C4C-B2B0335132D5}.Debug|x64.Build.0 = Debug|Any CPU
		{F7F46514-DA58-4B5C-9C4C-B2B0335132D5}.Debug|x86.ActiveCfg = Debug|Any CPU
		{F7F46514-DA58-4B5C-9C4C-B2B0335132D5}.Debug|x86.Build.0 = Debug|Any CPU
		{F7F46514-DA58-4B5C-9C4C-B2B0335132D5}.Release|Any CPU.ActiveCfg = Release|Any CPU
		{F7F46514-DA58-4B5C-9C4C-B2B0335132D5}.Release|Any CPU.Build.0 = Release|Any CPU
		{F7F46514-DA58-4B5C-9C4C-B2B0335132D5}.Release|ARM.ActiveCfg = Release|Any CPU
		{F7F46514-DA58-4B5C-9C4C-B2B0335132D5}.Release|ARM.Build.0 = Release|Any CPU
		{F7F46514-DA58-4B5C-9C4C-B2B0335132D5}.Release|iPhone.ActiveCfg = Release|Any CPU
		{F7F46514-DA58-4B5C-9C4C-B2B0335132D5}.Release|iPhone.Build.0 = Release|Any CPU
		{F7F46514-DA58-4B5C-9C4C-B2B0335132D5}.Release|iPhoneSimulator.ActiveCfg = Release|Any CPU
		{F7F46514-DA58-4B5C-9C4C-B2B0335132D5}.Release|iPhoneSimulator.Build.0 = Release|Any CPU
		{F7F46514-DA58-4B5C-9C4C-B2B0335132D5}.Release|x64.ActiveCfg = Release|Any CPU
		{F7F46514-DA58-4B5C-9C4C-B2B0335132D5}.Release|x64.Build.0 = Release|Any CPU
		{F7F46514-DA58-4B5C-9C4C-B2B0335132D5}.Release|x86.ActiveCfg = Release|Any CPU
		{F7F46514-DA58-4B5C-9C4C-B2B0335132D5}.Release|x86.Build.0 = Release|Any CPU
		{8E1028CB-C0CC-4FD8-B205-A5E46E96AD33}.Ad-Hoc|Any CPU.ActiveCfg = Release|Any CPU
		{8E1028CB-C0CC-4FD8-B205-A5E46E96AD33}.Ad-Hoc|Any CPU.Build.0 = Release|Any CPU
		{8E1028CB-C0CC-4FD8-B205-A5E46E96AD33}.Ad-Hoc|Any CPU.Deploy.0 = Release|Any CPU
		{8E1028CB-C0CC-4FD8-B205-A5E46E96AD33}.Ad-Hoc|ARM.ActiveCfg = Release|Any CPU
		{8E1028CB-C0CC-4FD8-B205-A5E46E96AD33}.Ad-Hoc|ARM.Build.0 = Release|Any CPU
		{8E1028CB-C0CC-4FD8-B205-A5E46E96AD33}.Ad-Hoc|ARM.Deploy.0 = Release|Any CPU
		{8E1028CB-C0CC-4FD8-B205-A5E46E96AD33}.Ad-Hoc|iPhone.ActiveCfg = Release|Any CPU
		{8E1028CB-C0CC-4FD8-B205-A5E46E96AD33}.Ad-Hoc|iPhone.Build.0 = Release|Any CPU
		{8E1028CB-C0CC-4FD8-B205-A5E46E96AD33}.Ad-Hoc|iPhone.Deploy.0 = Release|Any CPU
		{8E1028CB-C0CC-4FD8-B205-A5E46E96AD33}.Ad-Hoc|iPhoneSimulator.ActiveCfg = Release|Any CPU
		{8E1028CB-C0CC-4FD8-B205-A5E46E96AD33}.Ad-Hoc|iPhoneSimulator.Build.0 = Release|Any CPU
		{8E1028CB-C0CC-4FD8-B205-A5E46E96AD33}.Ad-Hoc|iPhoneSimulator.Deploy.0 = Release|Any CPU
		{8E1028CB-C0CC-4FD8-B205-A5E46E96AD33}.Ad-Hoc|x64.ActiveCfg = Release|Any CPU
		{8E1028CB-C0CC-4FD8-B205-A5E46E96AD33}.Ad-Hoc|x64.Build.0 = Release|Any CPU
		{8E1028CB-C0CC-4FD8-B205-A5E46E96AD33}.Ad-Hoc|x64.Deploy.0 = Release|Any CPU
		{8E1028CB-C0CC-4FD8-B205-A5E46E96AD33}.Ad-Hoc|x86.ActiveCfg = Release|Any CPU
		{8E1028CB-C0CC-4FD8-B205-A5E46E96AD33}.Ad-Hoc|x86.Build.0 = Release|Any CPU
		{8E1028CB-C0CC-4FD8-B205-A5E46E96AD33}.Ad-Hoc|x86.Deploy.0 = Release|Any CPU
		{8E1028CB-C0CC-4FD8-B205-A5E46E96AD33}.AppStore|Any CPU.ActiveCfg = Release|Any CPU
		{8E1028CB-C0CC-4FD8-B205-A5E46E96AD33}.AppStore|Any CPU.Build.0 = Release|Any CPU
		{8E1028CB-C0CC-4FD8-B205-A5E46E96AD33}.AppStore|Any CPU.Deploy.0 = Release|Any CPU
		{8E1028CB-C0CC-4FD8-B205-A5E46E96AD33}.AppStore|ARM.ActiveCfg = Release|Any CPU
		{8E1028CB-C0CC-4FD8-B205-A5E46E96AD33}.AppStore|ARM.Build.0 = Release|Any CPU
		{8E1028CB-C0CC-4FD8-B205-A5E46E96AD33}.AppStore|ARM.Deploy.0 = Release|Any CPU
		{8E1028CB-C0CC-4FD8-B205-A5E46E96AD33}.AppStore|iPhone.ActiveCfg = Release|Any CPU
		{8E1028CB-C0CC-4FD8-B205-A5E46E96AD33}.AppStore|iPhone.Build.0 = Release|Any CPU
		{8E1028CB-C0CC-4FD8-B205-A5E46E96AD33}.AppStore|iPhone.Deploy.0 = Release|Any CPU
		{8E1028CB-C0CC-4FD8-B205-A5E46E96AD33}.AppStore|iPhoneSimulator.ActiveCfg = Release|Any CPU
		{8E1028CB-C0CC-4FD8-B205-A5E46E96AD33}.AppStore|iPhoneSimulator.Build.0 = Release|Any CPU
		{8E1028CB-C0CC-4FD8-B205-A5E46E96AD33}.AppStore|iPhoneSimulator.Deploy.0 = Release|Any CPU
		{8E1028CB-C0CC-4FD8-B205-A5E46E96AD33}.AppStore|x64.ActiveCfg = Release|Any CPU
		{8E1028CB-C0CC-4FD8-B205-A5E46E96AD33}.AppStore|x64.Build.0 = Release|Any CPU
		{8E1028CB-C0CC-4FD8-B205-A5E46E96AD33}.AppStore|x64.Deploy.0 = Release|Any CPU
		{8E1028CB-C0CC-4FD8-B205-A5E46E96AD33}.AppStore|x86.ActiveCfg = Release|Any CPU
		{8E1028CB-C0CC-4FD8-B205-A5E46E96AD33}.AppStore|x86.Build.0 = Release|Any CPU
		{8E1028CB-C0CC-4FD8-B205-A5E46E96AD33}.AppStore|x86.Deploy.0 = Release|Any CPU
		{8E1028CB-C0CC-4FD8-B205-A5E46E96AD33}.Debug|Any CPU.ActiveCfg = Debug|Any CPU
		{8E1028CB-C0CC-4FD8-B205-A5E46E96AD33}.Debug|Any CPU.Build.0 = Debug|Any CPU
		{8E1028CB-C0CC-4FD8-B205-A5E46E96AD33}.Debug|Any CPU.Deploy.0 = Debug|Any CPU
		{8E1028CB-C0CC-4FD8-B205-A5E46E96AD33}.Debug|ARM.ActiveCfg = Debug|Any CPU
		{8E1028CB-C0CC-4FD8-B205-A5E46E96AD33}.Debug|ARM.Build.0 = Debug|Any CPU
		{8E1028CB-C0CC-4FD8-B205-A5E46E96AD33}.Debug|ARM.Deploy.0 = Debug|Any CPU
		{8E1028CB-C0CC-4FD8-B205-A5E46E96AD33}.Debug|iPhone.ActiveCfg = Debug|Any CPU
		{8E1028CB-C0CC-4FD8-B205-A5E46E96AD33}.Debug|iPhone.Build.0 = Debug|Any CPU
		{8E1028CB-C0CC-4FD8-B205-A5E46E96AD33}.Debug|iPhone.Deploy.0 = Debug|Any CPU
		{8E1028CB-C0CC-4FD8-B205-A5E46E96AD33}.Debug|iPhoneSimulator.ActiveCfg = Debug|Any CPU
		{8E1028CB-C0CC-4FD8-B205-A5E46E96AD33}.Debug|iPhoneSimulator.Build.0 = Debug|Any CPU
		{8E1028CB-C0CC-4FD8-B205-A5E46E96AD33}.Debug|iPhoneSimulator.Deploy.0 = Debug|Any CPU
		{8E1028CB-C0CC-4FD8-B205-A5E46E96AD33}.Debug|x64.ActiveCfg = Debug|Any CPU
		{8E1028CB-C0CC-4FD8-B205-A5E46E96AD33}.Debug|x64.Build.0 = Debug|Any CPU
		{8E1028CB-C0CC-4FD8-B205-A5E46E96AD33}.Debug|x64.Deploy.0 = Debug|Any CPU
		{8E1028CB-C0CC-4FD8-B205-A5E46E96AD33}.Debug|x86.ActiveCfg = Debug|Any CPU
		{8E1028CB-C0CC-4FD8-B205-A5E46E96AD33}.Debug|x86.Build.0 = Debug|Any CPU
		{8E1028CB-C0CC-4FD8-B205-A5E46E96AD33}.Debug|x86.Deploy.0 = Debug|Any CPU
		{8E1028CB-C0CC-4FD8-B205-A5E46E96AD33}.Release|Any CPU.ActiveCfg = Release|Any CPU
		{8E1028CB-C0CC-4FD8-B205-A5E46E96AD33}.Release|Any CPU.Build.0 = Release|Any CPU
		{8E1028CB-C0CC-4FD8-B205-A5E46E96AD33}.Release|Any CPU.Deploy.0 = Release|Any CPU
		{8E1028CB-C0CC-4FD8-B205-A5E46E96AD33}.Release|ARM.ActiveCfg = Release|Any CPU
		{8E1028CB-C0CC-4FD8-B205-A5E46E96AD33}.Release|ARM.Build.0 = Release|Any CPU
		{8E1028CB-C0CC-4FD8-B205-A5E46E96AD33}.Release|ARM.Deploy.0 = Release|Any CPU
		{8E1028CB-C0CC-4FD8-B205-A5E46E96AD33}.Release|iPhone.ActiveCfg = Release|Any CPU
		{8E1028CB-C0CC-4FD8-B205-A5E46E96AD33}.Release|iPhone.Build.0 = Release|Any CPU
		{8E1028CB-C0CC-4FD8-B205-A5E46E96AD33}.Release|iPhone.Deploy.0 = Release|Any CPU
		{8E1028CB-C0CC-4FD8-B205-A5E46E96AD33}.Release|iPhoneSimulator.ActiveCfg = Release|Any CPU
		{8E1028CB-C0CC-4FD8-B205-A5E46E96AD33}.Release|iPhoneSimulator.Build.0 = Release|Any CPU
		{8E1028CB-C0CC-4FD8-B205-A5E46E96AD33}.Release|iPhoneSimulator.Deploy.0 = Release|Any CPU
		{8E1028CB-C0CC-4FD8-B205-A5E46E96AD33}.Release|x64.ActiveCfg = Release|Any CPU
		{8E1028CB-C0CC-4FD8-B205-A5E46E96AD33}.Release|x64.Build.0 = Release|Any CPU
		{8E1028CB-C0CC-4FD8-B205-A5E46E96AD33}.Release|x64.Deploy.0 = Release|Any CPU
		{8E1028CB-C0CC-4FD8-B205-A5E46E96AD33}.Release|x86.ActiveCfg = Release|Any CPU
		{8E1028CB-C0CC-4FD8-B205-A5E46E96AD33}.Release|x86.Build.0 = Release|Any CPU
		{8E1028CB-C0CC-4FD8-B205-A5E46E96AD33}.Release|x86.Deploy.0 = Release|Any CPU
		{3107CAB7-B392-4013-A5B0-8A4A6149ADA4}.Ad-Hoc|Any CPU.ActiveCfg = Ad-Hoc|iPhone
		{3107CAB7-B392-4013-A5B0-8A4A6149ADA4}.Ad-Hoc|ARM.ActiveCfg = Ad-Hoc|iPhone
		{3107CAB7-B392-4013-A5B0-8A4A6149ADA4}.Ad-Hoc|iPhone.ActiveCfg = Ad-Hoc|iPhone
		{3107CAB7-B392-4013-A5B0-8A4A6149ADA4}.Ad-Hoc|iPhone.Build.0 = Ad-Hoc|iPhone
		{3107CAB7-B392-4013-A5B0-8A4A6149ADA4}.Ad-Hoc|iPhoneSimulator.ActiveCfg = Ad-Hoc|iPhoneSimulator
		{3107CAB7-B392-4013-A5B0-8A4A6149ADA4}.Ad-Hoc|iPhoneSimulator.Build.0 = Ad-Hoc|iPhoneSimulator
		{3107CAB7-B392-4013-A5B0-8A4A6149ADA4}.Ad-Hoc|x64.ActiveCfg = Ad-Hoc|iPhone
		{3107CAB7-B392-4013-A5B0-8A4A6149ADA4}.Ad-Hoc|x86.ActiveCfg = Ad-Hoc|iPhone
		{3107CAB7-B392-4013-A5B0-8A4A6149ADA4}.AppStore|Any CPU.ActiveCfg = AppStore|iPhone
		{3107CAB7-B392-4013-A5B0-8A4A6149ADA4}.AppStore|ARM.ActiveCfg = AppStore|iPhone
		{3107CAB7-B392-4013-A5B0-8A4A6149ADA4}.AppStore|iPhone.ActiveCfg = AppStore|iPhone
		{3107CAB7-B392-4013-A5B0-8A4A6149ADA4}.AppStore|iPhone.Build.0 = AppStore|iPhone
		{3107CAB7-B392-4013-A5B0-8A4A6149ADA4}.AppStore|iPhoneSimulator.ActiveCfg = AppStore|iPhoneSimulator
		{3107CAB7-B392-4013-A5B0-8A4A6149ADA4}.AppStore|iPhoneSimulator.Build.0 = AppStore|iPhoneSimulator
		{3107CAB7-B392-4013-A5B0-8A4A6149ADA4}.AppStore|x64.ActiveCfg = AppStore|iPhone
		{3107CAB7-B392-4013-A5B0-8A4A6149ADA4}.AppStore|x86.ActiveCfg = AppStore|iPhone
		{3107CAB7-B392-4013-A5B0-8A4A6149ADA4}.Debug|Any CPU.ActiveCfg = Debug|iPhone
		{3107CAB7-B392-4013-A5B0-8A4A6149ADA4}.Debug|ARM.ActiveCfg = Debug|iPhone
		{3107CAB7-B392-4013-A5B0-8A4A6149ADA4}.Debug|iPhone.ActiveCfg = Debug|iPhone
		{3107CAB7-B392-4013-A5B0-8A4A6149ADA4}.Debug|iPhone.Build.0 = Debug|iPhone
		{3107CAB7-B392-4013-A5B0-8A4A6149ADA4}.Debug|iPhoneSimulator.ActiveCfg = Debug|iPhoneSimulator
		{3107CAB7-B392-4013-A5B0-8A4A6149ADA4}.Debug|iPhoneSimulator.Build.0 = Debug|iPhoneSimulator
		{3107CAB7-B392-4013-A5B0-8A4A6149ADA4}.Debug|x64.ActiveCfg = Debug|iPhone
		{3107CAB7-B392-4013-A5B0-8A4A6149ADA4}.Debug|x86.ActiveCfg = Debug|iPhone
		{3107CAB7-B392-4013-A5B0-8A4A6149ADA4}.Release|Any CPU.ActiveCfg = Release|iPhone
		{3107CAB7-B392-4013-A5B0-8A4A6149ADA4}.Release|ARM.ActiveCfg = Release|iPhone
		{3107CAB7-B392-4013-A5B0-8A4A6149ADA4}.Release|iPhone.ActiveCfg = Release|iPhone
		{3107CAB7-B392-4013-A5B0-8A4A6149ADA4}.Release|iPhone.Build.0 = Release|iPhone
		{3107CAB7-B392-4013-A5B0-8A4A6149ADA4}.Release|iPhoneSimulator.ActiveCfg = Release|iPhoneSimulator
		{3107CAB7-B392-4013-A5B0-8A4A6149ADA4}.Release|iPhoneSimulator.Build.0 = Release|iPhoneSimulator
		{3107CAB7-B392-4013-A5B0-8A4A6149ADA4}.Release|x64.ActiveCfg = Release|iPhone
		{3107CAB7-B392-4013-A5B0-8A4A6149ADA4}.Release|x86.ActiveCfg = Release|iPhone
		{6ED7A633-FF4E-4A86-91B9-BE95D626B767}.Ad-Hoc|Any CPU.ActiveCfg = Release|x64
		{6ED7A633-FF4E-4A86-91B9-BE95D626B767}.Ad-Hoc|Any CPU.Build.0 = Release|x64
		{6ED7A633-FF4E-4A86-91B9-BE95D626B767}.Ad-Hoc|Any CPU.Deploy.0 = Release|x64
		{6ED7A633-FF4E-4A86-91B9-BE95D626B767}.Ad-Hoc|ARM.ActiveCfg = Release|ARM
		{6ED7A633-FF4E-4A86-91B9-BE95D626B767}.Ad-Hoc|ARM.Build.0 = Release|ARM
		{6ED7A633-FF4E-4A86-91B9-BE95D626B767}.Ad-Hoc|ARM.Deploy.0 = Release|ARM
		{6ED7A633-FF4E-4A86-91B9-BE95D626B767}.Ad-Hoc|iPhone.ActiveCfg = Release|x64
		{6ED7A633-FF4E-4A86-91B9-BE95D626B767}.Ad-Hoc|iPhone.Build.0 = Release|x64
		{6ED7A633-FF4E-4A86-91B9-BE95D626B767}.Ad-Hoc|iPhone.Deploy.0 = Release|x64
		{6ED7A633-FF4E-4A86-91B9-BE95D626B767}.Ad-Hoc|iPhoneSimulator.ActiveCfg = Release|x64
		{6ED7A633-FF4E-4A86-91B9-BE95D626B767}.Ad-Hoc|iPhoneSimulator.Build.0 = Release|x64
		{6ED7A633-FF4E-4A86-91B9-BE95D626B767}.Ad-Hoc|iPhoneSimulator.Deploy.0 = Release|x64
		{6ED7A633-FF4E-4A86-91B9-BE95D626B767}.Ad-Hoc|x64.ActiveCfg = Release|x64
		{6ED7A633-FF4E-4A86-91B9-BE95D626B767}.Ad-Hoc|x64.Build.0 = Release|x64
		{6ED7A633-FF4E-4A86-91B9-BE95D626B767}.Ad-Hoc|x64.Deploy.0 = Release|x64
		{6ED7A633-FF4E-4A86-91B9-BE95D626B767}.Ad-Hoc|x86.ActiveCfg = Release|x86
		{6ED7A633-FF4E-4A86-91B9-BE95D626B767}.Ad-Hoc|x86.Build.0 = Release|x86
		{6ED7A633-FF4E-4A86-91B9-BE95D626B767}.Ad-Hoc|x86.Deploy.0 = Release|x86
		{6ED7A633-FF4E-4A86-91B9-BE95D626B767}.AppStore|Any CPU.ActiveCfg = Release|x64
		{6ED7A633-FF4E-4A86-91B9-BE95D626B767}.AppStore|Any CPU.Build.0 = Release|x64
		{6ED7A633-FF4E-4A86-91B9-BE95D626B767}.AppStore|Any CPU.Deploy.0 = Release|x64
		{6ED7A633-FF4E-4A86-91B9-BE95D626B767}.AppStore|ARM.ActiveCfg = Release|ARM
		{6ED7A633-FF4E-4A86-91B9-BE95D626B767}.AppStore|ARM.Build.0 = Release|ARM
		{6ED7A633-FF4E-4A86-91B9-BE95D626B767}.AppStore|ARM.Deploy.0 = Release|ARM
		{6ED7A633-FF4E-4A86-91B9-BE95D626B767}.AppStore|iPhone.ActiveCfg = Release|x64
		{6ED7A633-FF4E-4A86-91B9-BE95D626B767}.AppStore|iPhone.Build.0 = Release|x64
		{6ED7A633-FF4E-4A86-91B9-BE95D626B767}.AppStore|iPhone.Deploy.0 = Release|x64
		{6ED7A633-FF4E-4A86-91B9-BE95D626B767}.AppStore|iPhoneSimulator.ActiveCfg = Release|x64
		{6ED7A633-FF4E-4A86-91B9-BE95D626B767}.AppStore|iPhoneSimulator.Build.0 = Release|x64
		{6ED7A633-FF4E-4A86-91B9-BE95D626B767}.AppStore|iPhoneSimulator.Deploy.0 = Release|x64
		{6ED7A633-FF4E-4A86-91B9-BE95D626B767}.AppStore|x64.ActiveCfg = Release|x64
		{6ED7A633-FF4E-4A86-91B9-BE95D626B767}.AppStore|x64.Build.0 = Release|x64
		{6ED7A633-FF4E-4A86-91B9-BE95D626B767}.AppStore|x64.Deploy.0 = Release|x64
		{6ED7A633-FF4E-4A86-91B9-BE95D626B767}.AppStore|x86.ActiveCfg = Release|x86
		{6ED7A633-FF4E-4A86-91B9-BE95D626B767}.AppStore|x86.Build.0 = Release|x86
		{6ED7A633-FF4E-4A86-91B9-BE95D626B767}.AppStore|x86.Deploy.0 = Release|x86
		{6ED7A633-FF4E-4A86-91B9-BE95D626B767}.Debug|Any CPU.ActiveCfg = Debug|x86
		{6ED7A633-FF4E-4A86-91B9-BE95D626B767}.Debug|ARM.ActiveCfg = Debug|ARM
		{6ED7A633-FF4E-4A86-91B9-BE95D626B767}.Debug|ARM.Build.0 = Debug|ARM
		{6ED7A633-FF4E-4A86-91B9-BE95D626B767}.Debug|ARM.Deploy.0 = Debug|ARM
		{6ED7A633-FF4E-4A86-91B9-BE95D626B767}.Debug|iPhone.ActiveCfg = Debug|x86
		{6ED7A633-FF4E-4A86-91B9-BE95D626B767}.Debug|iPhoneSimulator.ActiveCfg = Debug|x86
		{6ED7A633-FF4E-4A86-91B9-BE95D626B767}.Debug|x64.ActiveCfg = Debug|x64
		{6ED7A633-FF4E-4A86-91B9-BE95D626B767}.Debug|x64.Build.0 = Debug|x64
		{6ED7A633-FF4E-4A86-91B9-BE95D626B767}.Debug|x64.Deploy.0 = Debug|x64
		{6ED7A633-FF4E-4A86-91B9-BE95D626B767}.Debug|x86.ActiveCfg = Debug|x86
		{6ED7A633-FF4E-4A86-91B9-BE95D626B767}.Debug|x86.Build.0 = Debug|x86
		{6ED7A633-FF4E-4A86-91B9-BE95D626B767}.Debug|x86.Deploy.0 = Debug|x86
		{6ED7A633-FF4E-4A86-91B9-BE95D626B767}.Release|Any CPU.ActiveCfg = Release|x86
		{6ED7A633-FF4E-4A86-91B9-BE95D626B767}.Release|ARM.ActiveCfg = Release|ARM
		{6ED7A633-FF4E-4A86-91B9-BE95D626B767}.Release|ARM.Build.0 = Release|ARM
		{6ED7A633-FF4E-4A86-91B9-BE95D626B767}.Release|ARM.Deploy.0 = Release|ARM
		{6ED7A633-FF4E-4A86-91B9-BE95D626B767}.Release|iPhone.ActiveCfg = Release|x86
		{6ED7A633-FF4E-4A86-91B9-BE95D626B767}.Release|iPhoneSimulator.ActiveCfg = Release|x86
		{6ED7A633-FF4E-4A86-91B9-BE95D626B767}.Release|x64.ActiveCfg = Release|x64
		{6ED7A633-FF4E-4A86-91B9-BE95D626B767}.Release|x64.Build.0 = Release|x64
		{6ED7A633-FF4E-4A86-91B9-BE95D626B767}.Release|x64.Deploy.0 = Release|x64
		{6ED7A633-FF4E-4A86-91B9-BE95D626B767}.Release|x86.ActiveCfg = Release|x86
		{6ED7A633-FF4E-4A86-91B9-BE95D626B767}.Release|x86.Build.0 = Release|x86
		{6ED7A633-FF4E-4A86-91B9-BE95D626B767}.Release|x86.Deploy.0 = Release|x86
	EndGlobalSection
	GlobalSection(SolutionProperties) = preSolution
		HideSolutionNode = FALSE
	EndGlobalSection
	GlobalSection(ExtensibilityGlobals) = postSolution
		SolutionGuid = {A07ACF15-9A17-43A6-B1ED-4D34D0902E77}
	EndGlobalSection
EndGlobal
